// !$*UTF8*$!
{
	archiveVersion = 1;
	classes = {
	};
	objectVersion = 77;
	objects = {

/* Begin PBXContainerItemProxy section */
		4BA820442CA2CCF4008A4379 /* PBXContainerItemProxy */ = {
			isa = PBXContainerItemProxy;
			containerPortal = 4BA8202B2CA2CCF2008A4379 /* Project object */;
			proxyType = 1;
			remoteGlobalIDString = 4BA820322CA2CCF3008A4379;
			remoteInfo = "abz-test-task";
		};
		4BA8204E2CA2CCF4008A4379 /* PBXContainerItemProxy */ = {
			isa = PBXContainerItemProxy;
			containerPortal = 4BA8202B2CA2CCF2008A4379 /* Project object */;
			proxyType = 1;
			remoteGlobalIDString = 4BA820322CA2CCF3008A4379;
			remoteInfo = "abz-test-task";
		};
/* End PBXContainerItemProxy section */

/* Begin PBXFileReference section */
		4BA820332CA2CCF3008A4379 /* abz-test-task.app */ = {isa = PBXFileReference; explicitFileType = wrapper.application; includeInIndex = 0; path = "abz-test-task.app"; sourceTree = BUILT_PRODUCTS_DIR; };
		4BA820432CA2CCF4008A4379 /* abz-test-taskTests.xctest */ = {isa = PBXFileReference; explicitFileType = wrapper.cfbundle; includeInIndex = 0; path = "abz-test-taskTests.xctest"; sourceTree = BUILT_PRODUCTS_DIR; };
		4BA8204D2CA2CCF4008A4379 /* abz-test-taskUITests.xctest */ = {isa = PBXFileReference; explicitFileType = wrapper.cfbundle; includeInIndex = 0; path = "abz-test-taskUITests.xctest"; sourceTree = BUILT_PRODUCTS_DIR; };
/* End PBXFileReference section */

/* Begin PBXFileSystemSynchronizedRootGroup section */
		4BA820352CA2CCF3008A4379 /* AbzTestTask */ = {
			isa = PBXFileSystemSynchronizedRootGroup;
			path = AbzTestTask;
			sourceTree = "<group>";
		};
		4BA820462CA2CCF4008A4379 /* AbzTestTaskTests */ = {
			isa = PBXFileSystemSynchronizedRootGroup;
			path = AbzTestTaskTests;
			sourceTree = "<group>";
		};
		4BA820502CA2CCF4008A4379 /* AbzTestTaskUITests */ = {
			isa = PBXFileSystemSynchronizedRootGroup;
			path = AbzTestTaskUITests;
			sourceTree = "<group>";
		};
/* End PBXFileSystemSynchronizedRootGroup section */

/* Begin PBXFrameworksBuildPhase section */
		4BA820302CA2CCF3008A4379 /* Frameworks */ = {
			isa = PBXFrameworksBuildPhase;
			buildActionMask = 2147483647;
			files = (
			);
			runOnlyForDeploymentPostprocessing = 0;
		};
		4BA820402CA2CCF4008A4379 /* Frameworks */ = {
			isa = PBXFrameworksBuildPhase;
			buildActionMask = 2147483647;
			files = (
			);
			runOnlyForDeploymentPostprocessing = 0;
		};
		4BA8204A2CA2CCF4008A4379 /* Frameworks */ = {
			isa = PBXFrameworksBuildPhase;
			buildActionMask = 2147483647;
			files = (
			);
			runOnlyForDeploymentPostprocessing = 0;
		};
/* End PBXFrameworksBuildPhase section */

/* Begin PBXGroup section */
		4BA8202A2CA2CCF2008A4379 = {
			isa = PBXGroup;
			children = (
				4BA820352CA2CCF3008A4379 /* AbzTestTask */,
				4BA820462CA2CCF4008A4379 /* AbzTestTaskTests */,
				4BA820502CA2CCF4008A4379 /* AbzTestTaskUITests */,
				4BA820342CA2CCF3008A4379 /* Products */,
			);
			sourceTree = "<group>";
		};
		4BA820342CA2CCF3008A4379 /* Products */ = {
			isa = PBXGroup;
			children = (
				4BA820332CA2CCF3008A4379 /* abz-test-task.app */,
				4BA820432CA2CCF4008A4379 /* abz-test-taskTests.xctest */,
				4BA8204D2CA2CCF4008A4379 /* abz-test-taskUITests.xctest */,
			);
			name = Products;
			sourceTree = "<group>";
		};
/* End PBXGroup section */

/* Begin PBXNativeTarget section */
		4BA820322CA2CCF3008A4379 /* abz-test-task */ = {
			isa = PBXNativeTarget;
			buildConfigurationList = 4BA820572CA2CCF4008A4379 /* Build configuration list for PBXNativeTarget "abz-test-task" */;
			buildPhases = (
				4BA8202F2CA2CCF3008A4379 /* Sources */,
				4BA820302CA2CCF3008A4379 /* Frameworks */,
				4BA820312CA2CCF3008A4379 /* Resources */,
			);
			buildRules = (
			);
			dependencies = (
			);
			fileSystemSynchronizedGroups = (
				4BA820352CA2CCF3008A4379 /* AbzTestTask */,
			);
			name = "abz-test-task";
			packageProductDependencies = (
			);
			productName = "abz-test-task";
			productReference = 4BA820332CA2CCF3008A4379 /* abz-test-task.app */;
			productType = "com.apple.product-type.application";
		};
		4BA820422CA2CCF4008A4379 /* abz-test-taskTests */ = {
			isa = PBXNativeTarget;
			buildConfigurationList = 4BA8205A2CA2CCF4008A4379 /* Build configuration list for PBXNativeTarget "abz-test-taskTests" */;
			buildPhases = (
				4BA8203F2CA2CCF4008A4379 /* Sources */,
				4BA820402CA2CCF4008A4379 /* Frameworks */,
				4BA820412CA2CCF4008A4379 /* Resources */,
			);
			buildRules = (
			);
			dependencies = (
				4BA820452CA2CCF4008A4379 /* PBXTargetDependency */,
			);
			fileSystemSynchronizedGroups = (
				4BA820462CA2CCF4008A4379 /* AbzTestTaskTests */,
			);
			name = "abz-test-taskTests";
			packageProductDependencies = (
			);
			productName = "abz-test-taskTests";
			productReference = 4BA820432CA2CCF4008A4379 /* abz-test-taskTests.xctest */;
			productType = "com.apple.product-type.bundle.unit-test";
		};
		4BA8204C2CA2CCF4008A4379 /* abz-test-taskUITests */ = {
			isa = PBXNativeTarget;
			buildConfigurationList = 4BA8205D2CA2CCF4008A4379 /* Build configuration list for PBXNativeTarget "abz-test-taskUITests" */;
			buildPhases = (
				4BA820492CA2CCF4008A4379 /* Sources */,
				4BA8204A2CA2CCF4008A4379 /* Frameworks */,
				4BA8204B2CA2CCF4008A4379 /* Resources */,
			);
			buildRules = (
			);
			dependencies = (
				4BA8204F2CA2CCF4008A4379 /* PBXTargetDependency */,
			);
			fileSystemSynchronizedGroups = (
				4BA820502CA2CCF4008A4379 /* AbzTestTaskUITests */,
			);
			name = "abz-test-taskUITests";
			packageProductDependencies = (
			);
			productName = "abz-test-taskUITests";
			productReference = 4BA8204D2CA2CCF4008A4379 /* abz-test-taskUITests.xctest */;
			productType = "com.apple.product-type.bundle.ui-testing";
		};
/* End PBXNativeTarget section */

/* Begin PBXProject section */
		4BA8202B2CA2CCF2008A4379 /* Project object */ = {
			isa = PBXProject;
			attributes = {
				BuildIndependentTargetsInParallel = 1;
				LastSwiftUpdateCheck = 1600;
				LastUpgradeCheck = 1600;
				TargetAttributes = {
					4BA820322CA2CCF3008A4379 = {
						CreatedOnToolsVersion = 16.0;
					};
					4BA820422CA2CCF4008A4379 = {
						CreatedOnToolsVersion = 16.0;
						TestTargetID = 4BA820322CA2CCF3008A4379;
					};
					4BA8204C2CA2CCF4008A4379 = {
						CreatedOnToolsVersion = 16.0;
						TestTargetID = 4BA820322CA2CCF3008A4379;
					};
				};
			};
			buildConfigurationList = 4BA8202E2CA2CCF2008A4379 /* Build configuration list for PBXProject "abz-test-task" */;
			developmentRegion = en;
			hasScannedForEncodings = 0;
			knownRegions = (
				en,
				Base,
			);
			mainGroup = 4BA8202A2CA2CCF2008A4379;
			minimizedProjectReferenceProxies = 1;
			preferredProjectObjectVersion = 77;
			productRefGroup = 4BA820342CA2CCF3008A4379 /* Products */;
			projectDirPath = "";
			projectRoot = "";
			targets = (
				4BA820322CA2CCF3008A4379 /* abz-test-task */,
				4BA820422CA2CCF4008A4379 /* abz-test-taskTests */,
				4BA8204C2CA2CCF4008A4379 /* abz-test-taskUITests */,
			);
		};
/* End PBXProject section */

/* Begin PBXResourcesBuildPhase section */
		4BA820312CA2CCF3008A4379 /* Resources */ = {
			isa = PBXResourcesBuildPhase;
			buildActionMask = 2147483647;
			files = (
			);
			runOnlyForDeploymentPostprocessing = 0;
		};
		4BA820412CA2CCF4008A4379 /* Resources */ = {
			isa = PBXResourcesBuildPhase;
			buildActionMask = 2147483647;
			files = (
			);
			runOnlyForDeploymentPostprocessing = 0;
		};
		4BA8204B2CA2CCF4008A4379 /* Resources */ = {
			isa = PBXResourcesBuildPhase;
			buildActionMask = 2147483647;
			files = (
			);
			runOnlyForDeploymentPostprocessing = 0;
		};
/* End PBXResourcesBuildPhase section */

/* Begin PBXSourcesBuildPhase section */
		4BA8202F2CA2CCF3008A4379 /* Sources */ = {
			isa = PBXSourcesBuildPhase;
			buildActionMask = 2147483647;
			files = (
			);
			runOnlyForDeploymentPostprocessing = 0;
		};
		4BA8203F2CA2CCF4008A4379 /* Sources */ = {
			isa = PBXSourcesBuildPhase;
			buildActionMask = 2147483647;
			files = (
			);
			runOnlyForDeploymentPostprocessing = 0;
		};
		4BA820492CA2CCF4008A4379 /* Sources */ = {
			isa = PBXSourcesBuildPhase;
			buildActionMask = 2147483647;
			files = (
			);
			runOnlyForDeploymentPostprocessing = 0;
		};
/* End PBXSourcesBuildPhase section */

/* Begin PBXTargetDependency section */
		4BA820452CA2CCF4008A4379 /* PBXTargetDependency */ = {
			isa = PBXTargetDependency;
			target = 4BA820322CA2CCF3008A4379 /* abz-test-task */;
			targetProxy = 4BA820442CA2CCF4008A4379 /* PBXContainerItemProxy */;
		};
		4BA8204F2CA2CCF4008A4379 /* PBXTargetDependency */ = {
			isa = PBXTargetDependency;
			target = 4BA820322CA2CCF3008A4379 /* abz-test-task */;
			targetProxy = 4BA8204E2CA2CCF4008A4379 /* PBXContainerItemProxy */;
		};
/* End PBXTargetDependency section */

/* Begin XCBuildConfiguration section */
		4BA820552CA2CCF4008A4379 /* Debug */ = {
			isa = XCBuildConfiguration;
			buildSettings = {
				ALWAYS_SEARCH_USER_PATHS = NO;
				ASSETCATALOG_COMPILER_GENERATE_SWIFT_ASSET_SYMBOL_EXTENSIONS = YES;
				CLANG_ANALYZER_NONNULL = YES;
				CLANG_ANALYZER_NUMBER_OBJECT_CONVERSION = YES_AGGRESSIVE;
				CLANG_CXX_LANGUAGE_STANDARD = "gnu++20";
				CLANG_ENABLE_MODULES = YES;
				CLANG_ENABLE_OBJC_ARC = YES;
				CLANG_ENABLE_OBJC_WEAK = YES;
				CLANG_WARN_BLOCK_CAPTURE_AUTORELEASING = YES;
				CLANG_WARN_BOOL_CONVERSION = YES;
				CLANG_WARN_COMMA = YES;
				CLANG_WARN_CONSTANT_CONVERSION = YES;
				CLANG_WARN_DEPRECATED_OBJC_IMPLEMENTATIONS = YES;
				CLANG_WARN_DIRECT_OBJC_ISA_USAGE = YES_ERROR;
				CLANG_WARN_DOCUMENTATION_COMMENTS = YES;
				CLANG_WARN_EMPTY_BODY = YES;
				CLANG_WARN_ENUM_CONVERSION = YES;
				CLANG_WARN_INFINITE_RECURSION = YES;
				CLANG_WARN_INT_CONVERSION = YES;
				CLANG_WARN_NON_LITERAL_NULL_CONVERSION = YES;
				CLANG_WARN_OBJC_IMPLICIT_RETAIN_SELF = YES;
				CLANG_WARN_OBJC_LITERAL_CONVERSION = YES;
				CLANG_WARN_OBJC_ROOT_CLASS = YES_ERROR;
				CLANG_WARN_QUOTED_INCLUDE_IN_FRAMEWORK_HEADER = YES;
				CLANG_WARN_RANGE_LOOP_ANALYSIS = YES;
				CLANG_WARN_STRICT_PROTOTYPES = YES;
				CLANG_WARN_SUSPICIOUS_MOVE = YES;
				CLANG_WARN_UNGUARDED_AVAILABILITY = YES_AGGRESSIVE;
				CLANG_WARN_UNREACHABLE_CODE = YES;
				CLANG_WARN__DUPLICATE_METHOD_MATCH = YES;
				COPY_PHASE_STRIP = NO;
				DEBUG_INFORMATION_FORMAT = dwarf;
				ENABLE_STRICT_OBJC_MSGSEND = YES;
				ENABLE_TESTABILITY = YES;
				ENABLE_USER_SCRIPT_SANDBOXING = YES;
				GCC_C_LANGUAGE_STANDARD = gnu17;
				GCC_DYNAMIC_NO_PIC = NO;
				GCC_NO_COMMON_BLOCKS = YES;
				GCC_OPTIMIZATION_LEVEL = 0;
				GCC_PREPROCESSOR_DEFINITIONS = (
					"DEBUG=1",
					"$(inherited)",
				);
				GCC_WARN_64_TO_32_BIT_CONVERSION = YES;
				GCC_WARN_ABOUT_RETURN_TYPE = YES_ERROR;
				GCC_WARN_UNDECLARED_SELECTOR = YES;
				GCC_WARN_UNINITIALIZED_AUTOS = YES_AGGRESSIVE;
				GCC_WARN_UNUSED_FUNCTION = YES;
				GCC_WARN_UNUSED_VARIABLE = YES;
				IPHONEOS_DEPLOYMENT_TARGET = 18.0;
				LOCALIZATION_PREFERS_STRING_CATALOGS = YES;
				MTL_ENABLE_DEBUG_INFO = INCLUDE_SOURCE;
				MTL_FAST_MATH = YES;
				ONLY_ACTIVE_ARCH = YES;
				SDKROOT = iphoneos;
				SWIFT_ACTIVE_COMPILATION_CONDITIONS = "DEBUG $(inherited)";
				SWIFT_OPTIMIZATION_LEVEL = "-Onone";
			};
			name = Debug;
		};
		4BA820562CA2CCF4008A4379 /* Release */ = {
			isa = XCBuildConfiguration;
			buildSettings = {
				ALWAYS_SEARCH_USER_PATHS = NO;
				ASSETCATALOG_COMPILER_GENERATE_SWIFT_ASSET_SYMBOL_EXTENSIONS = YES;
				CLANG_ANALYZER_NONNULL = YES;
				CLANG_ANALYZER_NUMBER_OBJECT_CONVERSION = YES_AGGRESSIVE;
				CLANG_CXX_LANGUAGE_STANDARD = "gnu++20";
				CLANG_ENABLE_MODULES = YES;
				CLANG_ENABLE_OBJC_ARC = YES;
				CLANG_ENABLE_OBJC_WEAK = YES;
				CLANG_WARN_BLOCK_CAPTURE_AUTORELEASING = YES;
				CLANG_WARN_BOOL_CONVERSION = YES;
				CLANG_WARN_COMMA = YES;
				CLANG_WARN_CONSTANT_CONVERSION = YES;
				CLANG_WARN_DEPRECATED_OBJC_IMPLEMENTATIONS = YES;
				CLANG_WARN_DIRECT_OBJC_ISA_USAGE = YES_ERROR;
				CLANG_WARN_DOCUMENTATION_COMMENTS = YES;
				CLANG_WARN_EMPTY_BODY = YES;
				CLANG_WARN_ENUM_CONVERSION = YES;
				CLANG_WARN_INFINITE_RECURSION = YES;
				CLANG_WARN_INT_CONVERSION = YES;
				CLANG_WARN_NON_LITERAL_NULL_CONVERSION = YES;
				CLANG_WARN_OBJC_IMPLICIT_RETAIN_SELF = YES;
				CLANG_WARN_OBJC_LITERAL_CONVERSION = YES;
				CLANG_WARN_OBJC_ROOT_CLASS = YES_ERROR;
				CLANG_WARN_QUOTED_INCLUDE_IN_FRAMEWORK_HEADER = YES;
				CLANG_WARN_RANGE_LOOP_ANALYSIS = YES;
				CLANG_WARN_STRICT_PROTOTYPES = YES;
				CLANG_WARN_SUSPICIOUS_MOVE = YES;
				CLANG_WARN_UNGUARDED_AVAILABILITY = YES_AGGRESSIVE;
				CLANG_WARN_UNREACHABLE_CODE = YES;
				CLANG_WARN__DUPLICATE_METHOD_MATCH = YES;
				COPY_PHASE_STRIP = NO;
				DEBUG_INFORMATION_FORMAT = "dwarf-with-dsym";
				ENABLE_NS_ASSERTIONS = NO;
				ENABLE_STRICT_OBJC_MSGSEND = YES;
				ENABLE_USER_SCRIPT_SANDBOXING = YES;
				GCC_C_LANGUAGE_STANDARD = gnu17;
				GCC_NO_COMMON_BLOCKS = YES;
				GCC_WARN_64_TO_32_BIT_CONVERSION = YES;
				GCC_WARN_ABOUT_RETURN_TYPE = YES_ERROR;
				GCC_WARN_UNDECLARED_SELECTOR = YES;
				GCC_WARN_UNINITIALIZED_AUTOS = YES_AGGRESSIVE;
				GCC_WARN_UNUSED_FUNCTION = YES;
				GCC_WARN_UNUSED_VARIABLE = YES;
				IPHONEOS_DEPLOYMENT_TARGET = 18.0;
				LOCALIZATION_PREFERS_STRING_CATALOGS = YES;
				MTL_ENABLE_DEBUG_INFO = NO;
				MTL_FAST_MATH = YES;
				SDKROOT = iphoneos;
				SWIFT_COMPILATION_MODE = wholemodule;
				VALIDATE_PRODUCT = YES;
			};
			name = Release;
		};
		4BA820582CA2CCF4008A4379 /* Debug */ = {
			isa = XCBuildConfiguration;
			buildSettings = {
				ASSETCATALOG_COMPILER_APPICON_NAME = AppIcon;
				ASSETCATALOG_COMPILER_GLOBAL_ACCENT_COLOR_NAME = AccentColor;
				CODE_SIGN_STYLE = Automatic;
				CURRENT_PROJECT_VERSION = 1;
				DEVELOPMENT_ASSET_PATHS = "\"AbzTestTask/Preview Content\"";
				DEVELOPMENT_TEAM = 8T58NYZDRU;
				ENABLE_PREVIEWS = YES;
				GENERATE_INFOPLIST_FILE = YES;
				INFOPLIST_KEY_CFBundleDisplayName = "Abz Test Task";
				INFOPLIST_KEY_UIApplicationSceneManifest_Generation = YES;
				INFOPLIST_KEY_UIApplicationSupportsIndirectInputEvents = YES;
				INFOPLIST_KEY_UILaunchScreen_Generation = YES;
				INFOPLIST_KEY_UISupportedInterfaceOrientations = UIInterfaceOrientationPortrait;
				INFOPLIST_KEY_UISupportedInterfaceOrientations_iPad = "UIInterfaceOrientationLandscapeLeft UIInterfaceOrientationLandscapeRight UIInterfaceOrientationPortrait UIInterfaceOrientationPortraitUpsideDown";
				IPHONEOS_DEPLOYMENT_TARGET = 16.0;
				LD_RUNPATH_SEARCH_PATHS = (
					"$(inherited)",
					"@executable_path/Frameworks",
				);
				MARKETING_VERSION = 1.0;
				PRODUCT_BUNDLE_IDENTIFIER = "com.ivanskoryk.abz-test-task.abz-test-task";
				PRODUCT_NAME = "$(TARGET_NAME)";
				SWIFT_EMIT_LOC_STRINGS = YES;
				SWIFT_VERSION = 5.0;
				TARGETED_DEVICE_FAMILY = "1,2";
			};
			name = Debug;
		};
		4BA820592CA2CCF4008A4379 /* Release */ = {
			isa = XCBuildConfiguration;
			buildSettings = {
				ASSETCATALOG_COMPILER_APPICON_NAME = AppIcon;
				ASSETCATALOG_COMPILER_GLOBAL_ACCENT_COLOR_NAME = AccentColor;
				CODE_SIGN_STYLE = Automatic;
				CURRENT_PROJECT_VERSION = 1;
				DEVELOPMENT_ASSET_PATHS = "\"AbzTestTask/Preview Content\"";
				DEVELOPMENT_TEAM = 8T58NYZDRU;
				ENABLE_PREVIEWS = YES;
				GENERATE_INFOPLIST_FILE = YES;
				INFOPLIST_KEY_CFBundleDisplayName = "Abz Test Task";
				INFOPLIST_KEY_UIApplicationSceneManifest_Generation = YES;
				INFOPLIST_KEY_UIApplicationSupportsIndirectInputEvents = YES;
				INFOPLIST_KEY_UILaunchScreen_Generation = YES;
				INFOPLIST_KEY_UISupportedInterfaceOrientations = UIInterfaceOrientationPortrait;
				INFOPLIST_KEY_UISupportedInterfaceOrientations_iPad = "UIInterfaceOrientationLandscapeLeft UIInterfaceOrientationLandscapeRight UIInterfaceOrientationPortrait UIInterfaceOrientationPortraitUpsideDown";
				IPHONEOS_DEPLOYMENT_TARGET = 16.0;
				LD_RUNPATH_SEARCH_PATHS = (
					"$(inherited)",
					"@executable_path/Frameworks",
				);
				MARKETING_VERSION = 1.0;
				PRODUCT_BUNDLE_IDENTIFIER = "com.ivanskoryk.abz-test-task.abz-test-task";
				PRODUCT_NAME = "$(TARGET_NAME)";
				SWIFT_EMIT_LOC_STRINGS = YES;
				SWIFT_VERSION = 5.0;
				TARGETED_DEVICE_FAMILY = "1,2";
			};
			name = Release;
		};
		4BA8205B2CA2CCF4008A4379 /* Debug */ = {
			isa = XCBuildConfiguration;
			buildSettings = {
				BUNDLE_LOADER = "$(TEST_HOST)";
				CODE_SIGN_STYLE = Automatic;
				CURRENT_PROJECT_VERSION = 1;
				DEVELOPMENT_TEAM = 8T58NYZDRU;
				GENERATE_INFOPLIST_FILE = YES;
				IPHONEOS_DEPLOYMENT_TARGET = 18.0;
				MARKETING_VERSION = 1.0;
				PRODUCT_BUNDLE_IDENTIFIER = "com.ivanskoryk.abz-test-task.abz-test-taskTests";
				PRODUCT_NAME = "$(TARGET_NAME)";
				SWIFT_EMIT_LOC_STRINGS = NO;
				SWIFT_VERSION = 5.0;
				TARGETED_DEVICE_FAMILY = "1,2";
				TEST_HOST = "$(BUILT_PRODUCTS_DIR)/abz-test-task.app/$(BUNDLE_EXECUTABLE_FOLDER_PATH)/abz-test-task";
			};
			name = Debug;
		};
		4BA8205C2CA2CCF4008A4379 /* Release */ = {
			isa = XCBuildConfiguration;
			buildSettings = {
				BUNDLE_LOADER = "$(TEST_HOST)";
				CODE_SIGN_STYLE = Automatic;
				CURRENT_PROJECT_VERSION = 1;
				DEVELOPMENT_TEAM = 8T58NYZDRU;
				GENERATE_INFOPLIST_FILE = YES;
				IPHONEOS_DEPLOYMENT_TARGET = 18.0;
				MARKETING_VERSION = 1.0;
				PRODUCT_BUNDLE_IDENTIFIER = "com.ivanskoryk.abz-test-task.abz-test-taskTests";
				PRODUCT_NAME = "$(TARGET_NAME)";
				SWIFT_EMIT_LOC_STRINGS = NO;
				SWIFT_VERSION = 5.0;
				TARGETED_DEVICE_FAMILY = "1,2";
				TEST_HOST = "$(BUILT_PRODUCTS_DIR)/abz-test-task.app/$(BUNDLE_EXECUTABLE_FOLDER_PATH)/abz-test-task";
			};
			name = Release;
		};
		4BA8205E2CA2CCF4008A4379 /* Debug */ = {
			isa = XCBuildConfiguration;
			buildSettings = {
				CODE_SIGN_STYLE = Automatic;
				CURRENT_PROJECT_VERSION = 1;
				DEVELOPMENT_TEAM = 8T58NYZDRU;
				GENERATE_INFOPLIST_FILE = YES;
				MARKETING_VERSION = 1.0;
				PRODUCT_BUNDLE_IDENTIFIER = "com.ivanskoryk.abz-test-task.abz-test-taskUITests";
				PRODUCT_NAME = "$(TARGET_NAME)";
				SWIFT_EMIT_LOC_STRINGS = NO;
				SWIFT_VERSION = 5.0;
				TARGETED_DEVICE_FAMILY = "1,2";
				TEST_TARGET_NAME = "abz-test-task";
			};
			name = Debug;
		};
		4BA8205F2CA2CCF4008A4379 /* Release */ = {
			isa = XCBuildConfiguration;
			buildSettings = {
				CODE_SIGN_STYLE = Automatic;
				CURRENT_PROJECT_VERSION = 1;
				DEVELOPMENT_TEAM = 8T58NYZDRU;
				GENERATE_INFOPLIST_FILE = YES;
				MARKETING_VERSION = 1.0;
				PRODUCT_BUNDLE_IDENTIFIER = "com.ivanskoryk.abz-test-task.abz-test-taskUITests";
				PRODUCT_NAME = "$(TARGET_NAME)";
				SWIFT_EMIT_LOC_STRINGS = NO;
				SWIFT_VERSION = 5.0;
				TARGETED_DEVICE_FAMILY = "1,2";
				TEST_TARGET_NAME = "abz-test-task";
			};
			name = Release;
		};
/* End XCBuildConfiguration section */

/* Begin XCConfigurationList section */
		4BA8202E2CA2CCF2008A4379 /* Build configuration list for PBXProject "abz-test-task" */ = {
			isa = XCConfigurationList;
			buildConfigurations = (
				4BA820552CA2CCF4008A4379 /* Debug */,
				4BA820562CA2CCF4008A4379 /* Release */,
			);
			defaultConfigurationIsVisible = 0;
			defaultConfigurationName = Release;
		};
		4BA820572CA2CCF4008A4379 /* Build configuration list for PBXNativeTarget "abz-test-task" */ = {
			isa = XCConfigurationList;
			buildConfigurations = (
				4BA820582CA2CCF4008A4379 /* Debug */,
				4BA820592CA2CCF4008A4379 /* Release */,
			);
			defaultConfigurationIsVisible = 0;
			defaultConfigurationName = Release;
		};
		4BA8205A2CA2CCF4008A4379 /* Build configuration list for PBXNativeTarget "abz-test-taskTests" */ = {
			isa = XCConfigurationList;
			buildConfigurations = (
				4BA8205B2CA2CCF4008A4379 /* Debug */,
				4BA8205C2CA2CCF4008A4379 /* Release */,
			);
			defaultConfigurationIsVisible = 0;
			defaultConfigurationName = Release;
		};
		4BA8205D2CA2CCF4008A4379 /* Build configuration list for PBXNativeTarget "abz-test-taskUITests" */ = {
			isa = XCConfigurationList;
			buildConfigurations = (
				4BA8205E2CA2CCF4008A4379 /* Debug */,
				4BA8205F2CA2CCF4008A4379 /* Release */,
			);
			defaultConfigurationIsVisible = 0;
			defaultConfigurationName = Release;
		};
/* End XCConfigurationList section */
	};
	rootObject = 4BA8202B2CA2CCF2008A4379 /* Project object */;
}
